
Microsoft Visual Studio Solution File, Format Version 12.00
# Visual Studio 15
VisualStudioVersion = 15.0.27130.2010
MinimumVisualStudioVersion = 10.0.40219.1
Project("{9A19103F-16F7-4668-BE54-9A1E7A4F7556}") = "NumberConverter.API", "NumberConverter.API\NumberConverter.API.csproj", "{9B25ABEC-422F-4E2C-9AD1-5874E4E6B492}"
EndProject
Project("{9A19103F-16F7-4668-BE54-9A1E7A4F7556}") = "NumberConverter.Services", "NumberConverter.Services\NumberConverter.Services.csproj", "{FFEEA86D-3FC5-42B1-AD3C-22EC64EE43B7}"
EndProject
Project("{9A19103F-16F7-4668-BE54-9A1E7A4F7556}") = "NumberConverter.Repository", "NumberConverter.Repository\NumberConverter.Repository.csproj", "{1C836D03-E135-4C72-ACF6-B53A36F27557}"
EndProject
Project("{9A19103F-16F7-4668-BE54-9A1E7A4F7556}") = "NumberConverter.UnitTests", "NumberConverter.UnitTests\NumberConverter.UnitTests.csproj", "{C20FE8ED-0CE3-472C-9344-BDEC15555DCD}"
EndProject
Project("{FAE04EC0-301F-11D3-BF4B-00C04F79EFBC}") = "NumberConverter.Website", "NumberConverter.Website\NumberConverter.Website.csproj", "{4770D151-4585-449A-BE71-E4509C1521B1}"
EndProject
Global
	GlobalSection(SolutionConfigurationPlatforms) = preSolution
		Debug|Any CPU = Debug|Any CPU
		Release|Any CPU = Release|Any CPU
	EndGlobalSection
	GlobalSection(ProjectConfigurationPlatforms) = postSolution
		{9B25ABEC-422F-4E2C-9AD1-5874E4E6B492}.Debug|Any CPU.ActiveCfg = Debug|Any CPU
		{9B25ABEC-422F-4E2C-9AD1-5874E4E6B492}.Debug|Any CPU.Build.0 = Debug|Any CPU
		{9B25ABEC-422F-4E2C-9AD1-5874E4E6B492}.Release|Any CPU.ActiveCfg = Release|Any CPU
		{9B25ABEC-422F-4E2C-9AD1-5874E4E6B492}.Release|Any CPU.Build.0 = Release|Any CPU
		{FFEEA86D-3FC5-42B1-AD3C-22EC64EE43B7}.Debug|Any CPU.ActiveCfg = Debug|Any CPU
		{FFEEA86D-3FC5-42B1-AD3C-22EC64EE43B7}.Debug|Any CPU.Build.0 = Debug|Any CPU
		{FFEEA86D-3FC5-42B1-AD3C-22EC64EE43B7}.Release|Any CPU.ActiveCfg = Release|Any CPU
		{FFEEA86D-3FC5-42B1-AD3C-22EC64EE43B7}.Release|Any CPU.Build.0 = Release|Any CPU
		{1C836D03-E135-4C72-ACF6-B53A36F27557}.Debug|Any CPU.ActiveCfg = Debug|Any CPU
		{1C836D03-E135-4C72-ACF6-B53A36F27557}.Debug|Any CPU.Build.0 = Debug|Any CPU
		{1C836D03-E135-4C72-ACF6-B53A36F27557}.Release|Any CPU.ActiveCfg = Release|Any CPU
		{1C836D03-E135-4C72-ACF6-B53A36F27557}.Release|Any CPU.Build.0 = Release|Any CPU
		{C20FE8ED-0CE3-472C-9344-BDEC15555DCD}.Debug|Any CPU.ActiveCfg = Debug|Any CPU
		{C20FE8ED-0CE3-472C-9344-BDEC15555DCD}.Debug|Any CPU.Build.0 = Debug|Any CPU
		{C20FE8ED-0CE3-472C-9344-BDEC15555DCD}.Release|Any CPU.ActiveCfg = Release|Any CPU
		{C20FE8ED-0CE3-472C-9344-BDEC15555DCD}.Release|Any CPU.Build.0 = Release|Any CPU
		{4770D151-4585-449A-BE71-E4509C1521B1}.Debug|Any CPU.ActiveCfg = Debug|Any CPU
		{4770D151-4585-449A-BE71-E4509C1521B1}.Debug|Any CPU.Build.0 = Debug|Any CPU
		{4770D151-4585-449A-BE71-E4509C1521B1}.Release|Any CPU.ActiveCfg = Release|Any CPU
		{4770D151-4585-449A-BE71-E4509C1521B1}.Release|Any CPU.Build.0 = Release|Any CPU
	EndGlobalSection
	GlobalSection(SolutionProperties) = preSolution
		HideSolutionNode = FALSE
	EndGlobalSection
	GlobalSection(ExtensibilityGlobals) = postSolution
		SolutionGuid = {05CE47A3-21A9-4F2E-A1E2-5BC954DAABFB}
	EndGlobalSection
EndGlobal
